
Microsoft Visual Studio Solution File, Format Version 12.00
# Visual Studio Version 16
VisualStudioVersion = 16.0.31613.86
MinimumVisualStudioVersion = 10.0.40219.1
Project("{9A19103F-16F7-4668-BE54-9A1E7A4F7556}") = "StockInfoGui", "StockInfoGui.csproj", "{4AB37EDA-B4E8-458F-9A58-80C925E4DD71}"
EndProject
Project("{00D1A9C2-B5F0-4AF3-8072-F6C62B433612}") = "StockData", "..\StockData\StockData.sqlproj", "{07BCECC9-EECE-40CD-96DA-76C51961985F}"
EndProject
Global
	GlobalSection(SolutionConfigurationPlatforms) = preSolution
		Debug|Any CPU = Debug|Any CPU
		Release|Any CPU = Release|Any CPU
	EndGlobalSection
	GlobalSection(ProjectConfigurationPlatforms) = postSolution
		{4AB37EDA-B4E8-458F-9A58-80C925E4DD71}.Debug|Any CPU.ActiveCfg = Debug|Any CPU
		{4AB37EDA-B4E8-458F-9A58-80C925E4DD71}.Debug|Any CPU.Build.0 = Debug|Any CPU
		{4AB37EDA-B4E8-458F-9A58-80C925E4DD71}.Release|Any CPU.ActiveCfg = Release|Any CPU
		{4AB37EDA-B4E8-458F-9A58-80C925E4DD71}.Release|Any CPU.Build.0 = Release|Any CPU
		{07BCECC9-EECE-40CD-96DA-76C51961985F}.Debug|Any CPU.ActiveCfg = Debug|Any CPU
		{07BCECC9-EECE-40CD-96DA-76C51961985F}.Debug|Any CPU.Build.0 = Debug|Any CPU
		{07BCECC9-EECE-40CD-96DA-76C51961985F}.Debug|Any CPU.Deploy.0 = Debug|Any CPU
		{07BCECC9-EECE-40CD-96DA-76C51961985F}.Release|Any CPU.ActiveCfg = Release|Any CPU
		{07BCECC9-EECE-40CD-96DA-76C51961985F}.Release|Any CPU.Build.0 = Release|Any CPU
		{07BCECC9-EECE-40CD-96DA-76C51961985F}.Release|Any CPU.Deploy.0 = Release|Any CPU
	EndGlobalSection
	GlobalSection(SolutionProperties) = preSolution
		HideSolutionNode = FALSE
	EndGlobalSection
	GlobalSection(ExtensibilityGlobals) = postSolution
		SolutionGuid = {D87FBBDE-6515-4992-8320-D71090CFEA25}
	EndGlobalSection
EndGlobal
